{
  "name": "clickygame",
  "version": "1.0.0",
  "lockfileVersion": 1,
  "requires": true,
  "dependencies": {
    "react-favicon": {
      "version": "0.0.17",
      "resolved": "https://registry.npmjs.org/react-favicon/-/react-favicon-0.0.17.tgz",
      "integrity": "sha512-p8Xj4gq0lp0H/h2HRa8R++W1cSZEuPDnkDCNMvWcOTlo2K5A2Od663loVjDRP/dOs6NeHblVZ5vYRAkurNrQYw=="
    }
  }
}
